
Microsoft Visual Studio Solution File, Format Version 12.00
# Visual Studio Version 17
VisualStudioVersion = 17.10.34928.147
MinimumVisualStudioVersion = 10.0.40219.1
Project("{8BC9CEB8-8B4A-11D0-8D11-00A0C91BC942}") = "Assembler", "Assembler\Assembler.vcxproj", "{C90E5F6E-4DD2-446F-91F4-27C3A3B152C1}"
EndProject
Project("{8BC9CEB8-8B4A-11D0-8D11-00A0C91BC942}") = "Disassembler", "Disassembler\Disassembler.vcxproj", "{A8BFE61F-C50C-458E-889A-EB0336209ACD}"
EndProject
Global
	GlobalSection(SolutionConfigurationPlatforms) = preSolution
		Debug|x64 = Debug|x64
		Debug|x86 = Debug|x86
		Release|x64 = Release|x64
		Release|x86 = Release|x86
	EndGlobalSection
	GlobalSection(ProjectConfigurationPlatforms) = postSolution
		{C90E5F6E-4DD2-446F-91F4-27C3A3B152C1}.Debug|x64.ActiveCfg = Debug|x64
		{C90E5F6E-4DD2-446F-91F4-27C3A3B152C1}.Debug|x64.Build.0 = Debug|x64
		{C90E5F6E-4DD2-446F-91F4-27C3A3B152C1}.Debug|x86.ActiveCfg = Debug|Win32
		{C90E5F6E-4DD2-446F-91F4-27C3A3B152C1}.Debug|x86.Build.0 = Debug|Win32
		{C90E5F6E-4DD2-446F-91F4-27C3A3B152C1}.Release|x64.ActiveCfg = Release|x64
		{C90E5F6E-4DD2-446F-91F4-27C3A3B152C1}.Release|x64.Build.0 = Release|x64
		{C90E5F6E-4DD2-446F-91F4-27C3A3B152C1}.Release|x86.ActiveCfg = Release|Win32
		{C90E5F6E-4DD2-446F-91F4-27C3A3B152C1}.Release|x86.Build.0 = Release|Win32
		{A8BFE61F-C50C-458E-889A-EB0336209ACD}.Debug|x64.ActiveCfg = Debug|x64
		{A8BFE61F-C50C-458E-889A-EB0336209ACD}.Debug|x64.Build.0 = Debug|x64
		{A8BFE61F-C50C-458E-889A-EB0336209ACD}.Debug|x86.ActiveCfg = Debug|Win32
		{A8BFE61F-C50C-458E-889A-EB0336209ACD}.Debug|x86.Build.0 = Debug|Win32
		{A8BFE61F-C50C-458E-889A-EB0336209ACD}.Release|x64.ActiveCfg = Release|x64
		{A8BFE61F-C50C-458E-889A-EB0336209ACD}.Release|x64.Build.0 = Release|x64
		{A8BFE61F-C50C-458E-889A-EB0336209ACD}.Release|x86.ActiveCfg = Release|Win32
		{A8BFE61F-C50C-458E-889A-EB0336209ACD}.Release|x86.Build.0 = Release|Win32
	EndGlobalSection
	GlobalSection(SolutionProperties) = preSolution
		HideSolutionNode = FALSE
	EndGlobalSection
	GlobalSection(ExtensibilityGlobals) = postSolution
		SolutionGuid = {2B755890-040A-415C-A12D-FD096BCE1FD7}
	EndGlobalSection
EndGlobal
